# This file is automatically @generated by Cargo.
# It is not intended for manual editing.
[[package]]
name = "alphavantage"
version = "0.1.0"
dependencies = [
 "obi 0.0.1 (registry+https://github.com/rust-lang/crates.io-index)",
 "owasm2 0.1.8 (registry+https://github.com/rust-lang/crates.io-index)",
]

[[package]]
name = "autocfg"
version = "1.0.0"
source = "registry+https://github.com/rust-lang/crates.io-index"

[[package]]
name = "bitcoin_block_count"
version = "0.1.0"
dependencies = [
 "obi 0.0.1 (registry+https://github.com/rust-lang/crates.io-index)",
 "owasm2 0.1.8 (registry+https://github.com/rust-lang/crates.io-index)",
]

[[package]]
name = "bitcoin_block_hash"
version = "0.1.0"
dependencies = [
 "obi 0.0.1 (registry+https://github.com/rust-lang/crates.io-index)",
 "owasm2 0.1.8 (registry+https://github.com/rust-lang/crates.io-index)",
]

[[package]]
name = "coingecko_volume"
version = "0.1.0"
dependencies = [
 "obi 0.0.1 (registry+https://github.com/rust-lang/crates.io-index)",
 "owasm2 0.1.8 (registry+https://github.com/rust-lang/crates.io-index)",
]

[[package]]
name = "crypto_compare_volume"
version = "0.1.0"
dependencies = [
 "obi 0.0.1 (registry+https://github.com/rust-lang/crates.io-index)",
 "owasm2 0.1.8 (registry+https://github.com/rust-lang/crates.io-index)",
]

[[package]]
name = "crypto_price"
version = "0.1.0"
dependencies = [
 "obi 0.0.1 (registry+https://github.com/rust-lang/crates.io-index)",
 "owasm2 0.1.8 (registry+https://github.com/rust-lang/crates.io-index)",
]

[[package]]
name = "eth_gas_station"
version = "0.1.0"
dependencies = [
 "obi 0.0.1 (registry+https://github.com/rust-lang/crates.io-index)",
 "owasm2 0.1.8 (registry+https://github.com/rust-lang/crates.io-index)",
]

[[package]]
name = "fair_crypto_market_price"
version = "0.1.0"
dependencies = [
 "obi 0.0.1 (registry+https://github.com/rust-lang/crates.io-index)",
 "owasm2 0.1.8 (registry+https://github.com/rust-lang/crates.io-index)",
]

[[package]]
name = "gold_price"
version = "0.1.0"
dependencies = [
 "obi 0.0.1 (registry+https://github.com/rust-lang/crates.io-index)",
 "owasm2 0.1.8 (registry+https://github.com/rust-lang/crates.io-index)",
]

[[package]]
name = "hex"
version = "0.4.2"
source = "registry+https://github.com/rust-lang/crates.io-index"

[[package]]
name = "json"
version = "0.12.4"
source = "registry+https://github.com/rust-lang/crates.io-index"

[[package]]
name = "num"
version = "0.3.0"
source = "registry+https://github.com/rust-lang/crates.io-index"
dependencies = [
 "num-bigint 0.3.0 (registry+https://github.com/rust-lang/crates.io-index)",
 "num-complex 0.3.0 (registry+https://github.com/rust-lang/crates.io-index)",
 "num-integer 0.1.43 (registry+https://github.com/rust-lang/crates.io-index)",
 "num-iter 0.1.41 (registry+https://github.com/rust-lang/crates.io-index)",
 "num-rational 0.3.0 (registry+https://github.com/rust-lang/crates.io-index)",
 "num-traits 0.2.12 (registry+https://github.com/rust-lang/crates.io-index)",
]

[[package]]
name = "num-bigint"
version = "0.3.0"
source = "registry+https://github.com/rust-lang/crates.io-index"
dependencies = [
 "autocfg 1.0.0 (registry+https://github.com/rust-lang/crates.io-index)",
 "num-integer 0.1.43 (registry+https://github.com/rust-lang/crates.io-index)",
 "num-traits 0.2.12 (registry+https://github.com/rust-lang/crates.io-index)",
]

[[package]]
name = "num-complex"
version = "0.3.0"
source = "registry+https://github.com/rust-lang/crates.io-index"
dependencies = [
 "num-traits 0.2.12 (registry+https://github.com/rust-lang/crates.io-index)",
]

[[package]]
name = "num-integer"
version = "0.1.43"
source = "registry+https://github.com/rust-lang/crates.io-index"
dependencies = [
 "autocfg 1.0.0 (registry+https://github.com/rust-lang/crates.io-index)",
 "num-traits 0.2.12 (registry+https://github.com/rust-lang/crates.io-index)",
]

[[package]]
name = "num-iter"
version = "0.1.41"
source = "registry+https://github.com/rust-lang/crates.io-index"
dependencies = [
 "autocfg 1.0.0 (registry+https://github.com/rust-lang/crates.io-index)",
 "num-integer 0.1.43 (registry+https://github.com/rust-lang/crates.io-index)",
 "num-traits 0.2.12 (registry+https://github.com/rust-lang/crates.io-index)",
]

[[package]]
name = "num-rational"
version = "0.3.0"
source = "registry+https://github.com/rust-lang/crates.io-index"
dependencies = [
 "autocfg 1.0.0 (registry+https://github.com/rust-lang/crates.io-index)",
 "num-bigint 0.3.0 (registry+https://github.com/rust-lang/crates.io-index)",
 "num-integer 0.1.43 (registry+https://github.com/rust-lang/crates.io-index)",
 "num-traits 0.2.12 (registry+https://github.com/rust-lang/crates.io-index)",
]

[[package]]
name = "num-traits"
version = "0.2.12"
source = "registry+https://github.com/rust-lang/crates.io-index"
dependencies = [
 "autocfg 1.0.0 (registry+https://github.com/rust-lang/crates.io-index)",
]

[[package]]
name = "obi"
version = "0.0.1"
source = "registry+https://github.com/rust-lang/crates.io-index"
dependencies = [
 "obi-derive 0.0.1 (registry+https://github.com/rust-lang/crates.io-index)",
]

[[package]]
name = "obi-derive"
version = "0.0.1"
source = "registry+https://github.com/rust-lang/crates.io-index"
dependencies = [
 "obi-derive-internal 0.0.1 (registry+https://github.com/rust-lang/crates.io-index)",
 "quote 0.3.15 (registry+https://github.com/rust-lang/crates.io-index)",
 "syn 1.0.33 (registry+https://github.com/rust-lang/crates.io-index)",
]

[[package]]
name = "obi-derive-internal"
version = "0.0.1"
source = "registry+https://github.com/rust-lang/crates.io-index"
dependencies = [
 "proc-macro2 1.0.18 (registry+https://github.com/rust-lang/crates.io-index)",
 "quote 1.0.7 (registry+https://github.com/rust-lang/crates.io-index)",
 "syn 1.0.33 (registry+https://github.com/rust-lang/crates.io-index)",
]

[[package]]
name = "open_sky_network"
version = "0.1.0"
dependencies = [
 "obi 0.0.1 (registry+https://github.com/rust-lang/crates.io-index)",
 "owasm2 0.1.8 (registry+https://github.com/rust-lang/crates.io-index)",
]

[[package]]
name = "open_weather_map"
version = "0.1.0"
dependencies = [
 "obi 0.0.1 (registry+https://github.com/rust-lang/crates.io-index)",
 "owasm2 0.1.8 (registry+https://github.com/rust-lang/crates.io-index)",
]

[[package]]
name = "owasm2"
version = "0.1.8"
source = "registry+https://github.com/rust-lang/crates.io-index"
dependencies = [
 "json 0.12.4 (registry+https://github.com/rust-lang/crates.io-index)",
 "num 0.3.0 (registry+https://github.com/rust-lang/crates.io-index)",
]

[[package]]
name = "proc-macro2"
version = "1.0.18"
source = "registry+https://github.com/rust-lang/crates.io-index"
dependencies = [
 "unicode-xid 0.2.0 (registry+https://github.com/rust-lang/crates.io-index)",
]

[[package]]
name = "qrng"
version = "0.1.0"
dependencies = [
 "hex 0.4.2 (registry+https://github.com/rust-lang/crates.io-index)",
 "obi 0.0.1 (registry+https://github.com/rust-lang/crates.io-index)",
 "owasm2 0.1.8 (registry+https://github.com/rust-lang/crates.io-index)",
]

[[package]]
name = "quote"
version = "0.3.15"
source = "registry+https://github.com/rust-lang/crates.io-index"

[[package]]
name = "quote"
version = "1.0.7"
source = "registry+https://github.com/rust-lang/crates.io-index"
dependencies = [
 "proc-macro2 1.0.18 (registry+https://github.com/rust-lang/crates.io-index)",
]

[[package]]
name = "syn"
version = "1.0.33"
source = "registry+https://github.com/rust-lang/crates.io-index"
dependencies = [
 "proc-macro2 1.0.18 (registry+https://github.com/rust-lang/crates.io-index)",
 "quote 1.0.7 (registry+https://github.com/rust-lang/crates.io-index)",
 "unicode-xid 0.2.0 (registry+https://github.com/rust-lang/crates.io-index)",
]

[[package]]
name = "unicode-xid"
version = "0.2.0"
source = "registry+https://github.com/rust-lang/crates.io-index"

[[package]]
name = "yahoo_price"
version = "0.1.0"
dependencies = [
 "obi 0.0.1 (registry+https://github.com/rust-lang/crates.io-index)",
 "owasm2 0.1.8 (registry+https://github.com/rust-lang/crates.io-index)",
]

[metadata]
"checksum autocfg 1.0.0 (registry+https://github.com/rust-lang/crates.io-index)" = "f8aac770f1885fd7e387acedd76065302551364496e46b3dd00860b2f8359b9d"
"checksum hex 0.4.2 (registry+https://github.com/rust-lang/crates.io-index)" = "644f9158b2f133fd50f5fb3242878846d9eb792e445c893805ff0e3824006e35"
"checksum json 0.12.4 (registry+https://github.com/rust-lang/crates.io-index)" = "078e285eafdfb6c4b434e0d31e8cfcb5115b651496faca5749b88fafd4f23bfd"
"checksum num 0.3.0 (registry+https://github.com/rust-lang/crates.io-index)" = "ab3e176191bc4faad357e3122c4747aa098ac880e88b168f106386128736cf4a"
"checksum num-bigint 0.3.0 (registry+https://github.com/rust-lang/crates.io-index)" = "b7f3fc75e3697059fb1bc465e3d8cca6cf92f56854f201158b3f9c77d5a3cfa0"
"checksum num-complex 0.3.0 (registry+https://github.com/rust-lang/crates.io-index)" = "b05ad05bd8977050b171b3f6b48175fea6e0565b7981059b486075e1026a9fb5"
"checksum num-integer 0.1.43 (registry+https://github.com/rust-lang/crates.io-index)" = "8d59457e662d541ba17869cf51cf177c0b5f0cbf476c66bdc90bf1edac4f875b"
"checksum num-iter 0.1.41 (registry+https://github.com/rust-lang/crates.io-index)" = "7a6e6b7c748f995c4c29c5f5ae0248536e04a5739927c74ec0fa564805094b9f"
"checksum num-rational 0.3.0 (registry+https://github.com/rust-lang/crates.io-index)" = "a5b4d7360f362cfb50dde8143501e6940b22f644be75a4cc90b2d81968908138"
"checksum num-traits 0.2.12 (registry+https://github.com/rust-lang/crates.io-index)" = "ac267bcc07f48ee5f8935ab0d24f316fb722d7a1292e2913f0cc196b29ffd611"
"checksum obi 0.0.1 (registry+https://github.com/rust-lang/crates.io-index)" = "e8b5cbc91085b00027edb54b51c338fd4f876c32108bb1e225ce9d333c4713b2"
"checksum obi-derive 0.0.1 (registry+https://github.com/rust-lang/crates.io-index)" = "4f8819b1c31e37ac3106b68bb1cf7fa3ab306def79013bde9dafc882889f84a5"
"checksum obi-derive-internal 0.0.1 (registry+https://github.com/rust-lang/crates.io-index)" = "c63a8b013ca75aa7c47a9401b5a37daf7016cd043dfa5869dbd1e4951b29a7fb"
"checksum owasm2 0.1.8 (registry+https://github.com/rust-lang/crates.io-index)" = "bfd624386ee0a67c05bee8d52e0622d36dbaec5bcb9e84e60fa0076b44cfd50c"
"checksum proc-macro2 1.0.18 (registry+https://github.com/rust-lang/crates.io-index)" = "beae6331a816b1f65d04c45b078fd8e6c93e8071771f41b8163255bbd8d7c8fa"
"checksum quote 0.3.15 (registry+https://github.com/rust-lang/crates.io-index)" = "7a6e920b65c65f10b2ae65c831a81a073a89edd28c7cce89475bff467ab4167a"
"checksum quote 1.0.7 (registry+https://github.com/rust-lang/crates.io-index)" = "aa563d17ecb180e500da1cfd2b028310ac758de548efdd203e18f283af693f37"
"checksum syn 1.0.33 (registry+https://github.com/rust-lang/crates.io-index)" = "e8d5d96e8cbb005d6959f119f773bfaebb5684296108fb32600c00cde305b2cd"
"checksum unicode-xid 0.2.0 (registry+https://github.com/rust-lang/crates.io-index)" = "826e7639553986605ec5979c7dd957c7895e93eabed50ab2ffa7f6128a75097c"
