# This file is automatically @generated by Cargo.
# It is not intended for manual editing.
[[package]]
name = "alphavantage"
version = "0.1.0"
dependencies = [
 "obi",
 "owasm2",
]

[[package]]
name = "autocfg"
version = "1.0.0"
source = "registry+https://github.com/rust-lang/crates.io-index"
checksum = "f8aac770f1885fd7e387acedd76065302551364496e46b3dd00860b2f8359b9d"

[[package]]
name = "bitcoin_block_count"
version = "0.1.0"
dependencies = [
 "obi",
 "owasm2",
]

[[package]]
name = "bitcoin_block_hash"
version = "0.1.0"
dependencies = [
 "obi",
 "owasm2",
]

[[package]]
name = "coingecko_volume"
version = "0.1.0"
dependencies = [
 "obi",
 "owasm2",
]

[[package]]
name = "crypto_compare_volume"
version = "0.1.0"
dependencies = [
 "obi",
 "owasm2",
]

[[package]]
name = "crypto_price"
version = "0.1.0"
dependencies = [
 "obi",
 "owasm2",
]

[[package]]
name = "eth_gas_station"
version = "0.1.0"
dependencies = [
 "obi",
 "owasm2",
]

[[package]]
name = "fair_crypto_market_price"
version = "0.1.0"
dependencies = [
 "obi",
 "owasm2",
]

[[package]]
name = "gold_price"
version = "0.1.0"
dependencies = [
 "obi",
 "owasm2",
]

[[package]]
name = "hex"
version = "0.4.2"
source = "registry+https://github.com/rust-lang/crates.io-index"
checksum = "644f9158b2f133fd50f5fb3242878846d9eb792e445c893805ff0e3824006e35"

[[package]]
name = "json"
version = "0.12.4"
source = "registry+https://github.com/rust-lang/crates.io-index"
checksum = "078e285eafdfb6c4b434e0d31e8cfcb5115b651496faca5749b88fafd4f23bfd"

[[package]]
name = "num"
version = "0.3.0"
source = "registry+https://github.com/rust-lang/crates.io-index"
checksum = "ab3e176191bc4faad357e3122c4747aa098ac880e88b168f106386128736cf4a"
dependencies = [
 "num-bigint",
 "num-complex",
 "num-integer",
 "num-iter",
 "num-rational",
 "num-traits",
]

[[package]]
name = "num-bigint"
version = "0.3.0"
source = "registry+https://github.com/rust-lang/crates.io-index"
checksum = "b7f3fc75e3697059fb1bc465e3d8cca6cf92f56854f201158b3f9c77d5a3cfa0"
dependencies = [
 "autocfg",
 "num-integer",
 "num-traits",
]

[[package]]
name = "num-complex"
version = "0.3.0"
source = "registry+https://github.com/rust-lang/crates.io-index"
checksum = "b05ad05bd8977050b171b3f6b48175fea6e0565b7981059b486075e1026a9fb5"
dependencies = [
 "num-traits",
]

[[package]]
name = "num-integer"
version = "0.1.43"
source = "registry+https://github.com/rust-lang/crates.io-index"
checksum = "8d59457e662d541ba17869cf51cf177c0b5f0cbf476c66bdc90bf1edac4f875b"
dependencies = [
 "autocfg",
 "num-traits",
]

[[package]]
name = "num-iter"
version = "0.1.41"
source = "registry+https://github.com/rust-lang/crates.io-index"
checksum = "7a6e6b7c748f995c4c29c5f5ae0248536e04a5739927c74ec0fa564805094b9f"
dependencies = [
 "autocfg",
 "num-integer",
 "num-traits",
]

[[package]]
name = "num-rational"
version = "0.3.0"
source = "registry+https://github.com/rust-lang/crates.io-index"
checksum = "a5b4d7360f362cfb50dde8143501e6940b22f644be75a4cc90b2d81968908138"
dependencies = [
 "autocfg",
 "num-bigint",
 "num-integer",
 "num-traits",
]

[[package]]
name = "num-traits"
version = "0.2.12"
source = "registry+https://github.com/rust-lang/crates.io-index"
checksum = "ac267bcc07f48ee5f8935ab0d24f316fb722d7a1292e2913f0cc196b29ffd611"
dependencies = [
 "autocfg",
]

[[package]]
name = "obi"
version = "0.0.1"
source = "registry+https://github.com/rust-lang/crates.io-index"
checksum = "e8b5cbc91085b00027edb54b51c338fd4f876c32108bb1e225ce9d333c4713b2"
dependencies = [
 "obi-derive",
]

[[package]]
name = "obi-derive"
version = "0.0.1"
source = "registry+https://github.com/rust-lang/crates.io-index"
checksum = "4f8819b1c31e37ac3106b68bb1cf7fa3ab306def79013bde9dafc882889f84a5"
dependencies = [
 "obi-derive-internal",
 "quote 0.3.15",
 "syn",
]

[[package]]
name = "obi-derive-internal"
version = "0.0.1"
source = "registry+https://github.com/rust-lang/crates.io-index"
checksum = "c63a8b013ca75aa7c47a9401b5a37daf7016cd043dfa5869dbd1e4951b29a7fb"
dependencies = [
 "proc-macro2",
 "quote 1.0.7",
 "syn",
]

[[package]]
name = "open_sky_network"
version = "0.1.0"
dependencies = [
 "obi",
 "owasm2",
]

[[package]]
name = "open_weather_map"
version = "0.1.0"
dependencies = [
 "obi",
 "owasm2",
]

[[package]]
name = "owasm2"
version = "0.1.7"
source = "registry+https://github.com/rust-lang/crates.io-index"
checksum = "1a5ac2cd11d3b3185d12d2b972d67a6f7be7aeeb83c8ce72c7579b6e8daa40ed"
dependencies = [
 "json",
 "num",
]

[[package]]
name = "proc-macro2"
version = "1.0.18"
source = "registry+https://github.com/rust-lang/crates.io-index"
checksum = "beae6331a816b1f65d04c45b078fd8e6c93e8071771f41b8163255bbd8d7c8fa"
dependencies = [
 "unicode-xid",
]

[[package]]
name = "qrng"
version = "0.1.0"
dependencies = [
 "hex",
 "obi",
 "owasm2",
]

[[package]]
name = "quote"
version = "0.3.15"
source = "registry+https://github.com/rust-lang/crates.io-index"
checksum = "7a6e920b65c65f10b2ae65c831a81a073a89edd28c7cce89475bff467ab4167a"

[[package]]
name = "quote"
version = "1.0.7"
source = "registry+https://github.com/rust-lang/crates.io-index"
checksum = "aa563d17ecb180e500da1cfd2b028310ac758de548efdd203e18f283af693f37"
dependencies = [
 "proc-macro2",
]

[[package]]
name = "syn"
version = "1.0.31"
source = "registry+https://github.com/rust-lang/crates.io-index"
checksum = "b5304cfdf27365b7585c25d4af91b35016ed21ef88f17ced89c7093b43dba8b6"
dependencies = [
 "proc-macro2",
 "quote 1.0.7",
 "unicode-xid",
]

[[package]]
name = "unicode-xid"
version = "0.2.0"
source = "registry+https://github.com/rust-lang/crates.io-index"
checksum = "826e7639553986605ec5979c7dd957c7895e93eabed50ab2ffa7f6128a75097c"

[[package]]
name = "yahoo_price"
version = "0.1.0"
dependencies = [
 "obi",
 "owasm2",
]
